
Microsoft Visual Studio Solution File, Format Version 12.00
# Visual Studio Version 16
VisualStudioVersion = 16.0.29102.190
MinimumVisualStudioVersion = 10.0.40219.1
Project("{9A19103F-16F7-4668-BE54-9A1E7A4F7556}") = "Skybrud.VideoPicker", "Skybrud.VideoPicker\Skybrud.VideoPicker.csproj", "{58C3EB8D-5822-4D11-838E-1D67FF033B18}"
EndProject
Global
	GlobalSection(SolutionConfigurationPlatforms) = preSolution
		Debug|Any CPU = Debug|Any CPU
		Release|Any CPU = Release|Any CPU
	EndGlobalSection
	GlobalSection(ProjectConfigurationPlatforms) = postSolution
		{58C3EB8D-5822-4D11-838E-1D67FF033B18}.Debug|Any CPU.ActiveCfg = Debug|Any CPU
		{58C3EB8D-5822-4D11-838E-1D67FF033B18}.Debug|Any CPU.Build.0 = Debug|Any CPU
		{58C3EB8D-5822-4D11-838E-1D67FF033B18}.Release|Any CPU.ActiveCfg = Release|Any CPU
		{58C3EB8D-5822-4D11-838E-1D67FF033B18}.Release|Any CPU.Build.0 = Release|Any CPU
	EndGlobalSection
	GlobalSection(SolutionProperties) = preSolution
		HideSolutionNode = FALSE
	EndGlobalSection
	GlobalSection(ExtensibilityGlobals) = postSolution
		SolutionGuid = {327E59D8-5107-4F62-85A1-97EE17678C54}
	EndGlobalSection
EndGlobal
